
Microsoft Visual Studio Solution File, Format Version 12.00
# Visual Studio Version 17
VisualStudioVersion = 17.1.32421.90
MinimumVisualStudioVersion = 10.0.40219.1
Project("{9A19103F-16F7-4668-BE54-9A1E7A4F7556}") = "MiniPaintPal.Console", "src\MiniPaintPal.Console\MiniPaintPal.Console.csproj", "{914EE818-7EE4-4067-9755-ED546D9CBEC1}"
EndProject
Project("{9A19103F-16F7-4668-BE54-9A1E7A4F7556}") = "MiniPaintPal.Application", "src\MiniPaintPal.Application\MiniPaintPal.Application.csproj", "{E1E7BF0C-4E03-4353-91A9-5B3A2BC3FBFF}"
EndProject
Project("{FAE04EC0-301F-11D3-BF4B-00C04F79EFBC}") = "MiniPaintPal.API", "src\MiniPaintPal.API\MiniPaintPal.API.csproj", "{D2BCBF72-C94D-43BE-ABBD-66F77858572B}"
EndProject
Project("{2150E333-8FDC-42A3-9474-1A3956D46DE8}") = "Solution Items", "Solution Items", "{10F10604-AF4C-4696-8E41-0C39F9AD71D2}"
	ProjectSection(SolutionItems) = preProject
		.gitignore = .gitignore
		README.md = README.md
	EndProjectSection
EndProject
Global
	GlobalSection(SolutionConfigurationPlatforms) = preSolution
		Debug|Any CPU = Debug|Any CPU
		Release|Any CPU = Release|Any CPU
	EndGlobalSection
	GlobalSection(ProjectConfigurationPlatforms) = postSolution
		{914EE818-7EE4-4067-9755-ED546D9CBEC1}.Debug|Any CPU.ActiveCfg = Debug|Any CPU
		{914EE818-7EE4-4067-9755-ED546D9CBEC1}.Debug|Any CPU.Build.0 = Debug|Any CPU
		{914EE818-7EE4-4067-9755-ED546D9CBEC1}.Release|Any CPU.ActiveCfg = Release|Any CPU
		{914EE818-7EE4-4067-9755-ED546D9CBEC1}.Release|Any CPU.Build.0 = Release|Any CPU
		{E1E7BF0C-4E03-4353-91A9-5B3A2BC3FBFF}.Debug|Any CPU.ActiveCfg = Debug|Any CPU
		{E1E7BF0C-4E03-4353-91A9-5B3A2BC3FBFF}.Debug|Any CPU.Build.0 = Debug|Any CPU
		{E1E7BF0C-4E03-4353-91A9-5B3A2BC3FBFF}.Release|Any CPU.ActiveCfg = Release|Any CPU
		{E1E7BF0C-4E03-4353-91A9-5B3A2BC3FBFF}.Release|Any CPU.Build.0 = Release|Any CPU
		{D2BCBF72-C94D-43BE-ABBD-66F77858572B}.Debug|Any CPU.ActiveCfg = Debug|Any CPU
		{D2BCBF72-C94D-43BE-ABBD-66F77858572B}.Debug|Any CPU.Build.0 = Debug|Any CPU
		{D2BCBF72-C94D-43BE-ABBD-66F77858572B}.Release|Any CPU.ActiveCfg = Release|Any CPU
		{D2BCBF72-C94D-43BE-ABBD-66F77858572B}.Release|Any CPU.Build.0 = Release|Any CPU
	EndGlobalSection
	GlobalSection(SolutionProperties) = preSolution
		HideSolutionNode = FALSE
	EndGlobalSection
	GlobalSection(ExtensibilityGlobals) = postSolution
		SolutionGuid = {FF518C2D-34B2-4A61-97B6-364D4EBF6944}
	EndGlobalSection
EndGlobal
